
Microsoft Visual Studio Solution File, Format Version 12.00
# Visual Studio Version 16
VisualStudioVersion = 16.0.29424.173
MinimumVisualStudioVersion = 10.0.40219.1
Project("{FAE04EC0-301F-11D3-BF4B-00C04F79EFBC}") = "GraphPathFinding", "GraphPathFinding\GraphPathFinding.csproj", "{FCDD76D6-AC4D-4FBC-85EA-76492040C353}"
EndProject
Global
	GlobalSection(SolutionConfigurationPlatforms) = preSolution
		Debug|Any CPU = Debug|Any CPU
		Release|Any CPU = Release|Any CPU
	EndGlobalSection
	GlobalSection(ProjectConfigurationPlatforms) = postSolution
		{FCDD76D6-AC4D-4FBC-85EA-76492040C353}.Debug|Any CPU.ActiveCfg = Debug|Any CPU
		{FCDD76D6-AC4D-4FBC-85EA-76492040C353}.Debug|Any CPU.Build.0 = Debug|Any CPU
		{FCDD76D6-AC4D-4FBC-85EA-76492040C353}.Release|Any CPU.ActiveCfg = Release|Any CPU
		{FCDD76D6-AC4D-4FBC-85EA-76492040C353}.Release|Any CPU.Build.0 = Release|Any CPU
	EndGlobalSection
	GlobalSection(SolutionProperties) = preSolution
		HideSolutionNode = FALSE
	EndGlobalSection
	GlobalSection(ExtensibilityGlobals) = postSolution
		SolutionGuid = {E636ED13-E2F6-4318-B37C-3A352CF72492}
	EndGlobalSection
EndGlobal
